github.com/dywoq/vacui/base v0.0.0-20260123181614-1460b6304954 h1:GpI2Yyn5weDoK5Fwcy7q1ya+k9YdH8FO22Z33i96+/8=
github.com/dywoq/vacui/base v0.0.0-20260123181614-1460b6304954/go.mod h1:vPNhGrWBXkgv4regVBQo5gYwIgQO364N8w718cbiRTo=
github.com/dywoq/vacui/base v0.0.0-20260129170127-df38ee9c3813 h1:n8kYejfUs0/q3XcBFJ46nk/lb06i4oOvRnk4vEnbT8g=
github.com/dywoq/vacui/base v0.0.0-20260129170127-df38ee9c3813/go.mod h1:vPNhGrWBXkgv4regVBQo5gYwIgQO364N8w718cbiRTo=
